
Microsoft Visual Studio Solution File, Format Version 9.00
# Visual Studio 2005
Project("{8BC9CEB8-8B4A-11D0-8D11-00A0C91BC942}") = "ExeJoiner", "ExeJoiner\ExeJoiner.vcproj", "{E95B2DB2-75DD-4A6E-A8A9-59B9F9B69631}"
EndProject
Global
	GlobalSection(SolutionConfigurationPlatforms) = preSolution
		Debug|Win32 = Debug|Win32
		Release|Win32 = Release|Win32
	EndGlobalSection
	GlobalSection(ProjectConfigurationPlatforms) = postSolution
		{E95B2DB2-75DD-4A6E-A8A9-59B9F9B69631}.Debug|Win32.ActiveCfg = Debug|Win32
		{E95B2DB2-75DD-4A6E-A8A9-59B9F9B69631}.Debug|Win32.Build.0 = Debug|Win32
		{E95B2DB2-75DD-4A6E-A8A9-59B9F9B69631}.Release|Win32.ActiveCfg = Release|Win32
		{E95B2DB2-75DD-4A6E-A8A9-59B9F9B69631}.Release|Win32.Build.0 = Release|Win32
	EndGlobalSection
	GlobalSection(SolutionProperties) = preSolution
		HideSolutionNode = FALSE
	EndGlobalSection
EndGlobal
