Microsoft Visual Studio Solution File, Format Version 8.00
Project("{8BC9CEB8-8B4A-11D0-8D11-00A0C91BC942}") = "rBot", "rBot.vcproj", "{22D52448-B2A8-4CB8-96FC-0B66139241C5}"
	ProjectSection(ProjectDependencies) = postProject
	EndProjectSection
EndProject
Global
	GlobalSection(SolutionConfiguration) = preSolution
		Debug = Debug
		Release = Release
	EndGlobalSection
	GlobalSection(ProjectConfiguration) = postSolution
		{22D52448-B2A8-4CB8-96FC-0B66139241C5}.Debug.ActiveCfg = Debug|Win32
		{22D52448-B2A8-4CB8-96FC-0B66139241C5}.Debug.Build.0 = Debug|Win32
		{22D52448-B2A8-4CB8-96FC-0B66139241C5}.Release.ActiveCfg = Release|Win32
		{22D52448-B2A8-4CB8-96FC-0B66139241C5}.Release.Build.0 = Release|Win32
	EndGlobalSection
	GlobalSection(ExtensibilityGlobals) = postSolution
	EndGlobalSection
	GlobalSection(ExtensibilityAddIns) = postSolution
	EndGlobalSection
EndGlobal
