Microsoft Visual Studio Solution File, Format Version 8.00
Project("{8BC9CEB8-8B4A-11D0-8D11-00A0C91BC942}") = "blowfish", "blowfish.vcproj", "{44611961-FE05-4BF5-9E78-6D1E332A429B}"
	ProjectSection(ProjectDependencies) = postProject
	EndProjectSection
EndProject
Global
	GlobalSection(SolutionConfiguration) = preSolution
		Debug = Debug
		Release = Release
	EndGlobalSection
	GlobalSection(ProjectConfiguration) = postSolution
		{44611961-FE05-4BF5-9E78-6D1E332A429B}.Debug.ActiveCfg = Debug|Win32
		{44611961-FE05-4BF5-9E78-6D1E332A429B}.Debug.Build.0 = Debug|Win32
		{44611961-FE05-4BF5-9E78-6D1E332A429B}.Release.ActiveCfg = Release|Win32
		{44611961-FE05-4BF5-9E78-6D1E332A429B}.Release.Build.0 = Release|Win32
	EndGlobalSection
	GlobalSection(ExtensibilityGlobals) = postSolution
	EndGlobalSection
	GlobalSection(ExtensibilityAddIns) = postSolution
	EndGlobalSection
EndGlobal
