
Microsoft Visual Studio Solution File, Format Version 9.00
# Visual Studio 2005
Project("{8BC9CEB8-8B4A-11D0-8D11-00A0C91BC942}") = "r00t", "r00t.vcproj", "{E40635C6-549D-4804-9CE2-872AFCFCDD3B}"
EndProject
Global
	GlobalSection(SolutionConfigurationPlatforms) = preSolution
		Release|Win32 = Release|Win32
		test|Win32 = test|Win32
	EndGlobalSection
	GlobalSection(ProjectConfigurationPlatforms) = postSolution
		{E40635C6-549D-4804-9CE2-872AFCFCDD3B}.Release|Win32.ActiveCfg = Release|Win32
		{E40635C6-549D-4804-9CE2-872AFCFCDD3B}.Release|Win32.Build.0 = Release|Win32
		{E40635C6-549D-4804-9CE2-872AFCFCDD3B}.test|Win32.ActiveCfg = test|Win32
		{E40635C6-549D-4804-9CE2-872AFCFCDD3B}.test|Win32.Build.0 = test|Win32
	EndGlobalSection
	GlobalSection(SolutionProperties) = preSolution
		HideSolutionNode = FALSE
	EndGlobalSection
EndGlobal
