
Microsoft Visual Studio Solution File, Format Version 9.00
# Visual Studio 2005
Project("{8BC9CEB8-8B4A-11D0-8D11-00A0C91BC942}") = "ProductIDSearcher", "ProductIDSearcher.vcproj", "{D9CB6B8A-EDE5-46C7-8301-98D0AC812DD7}"
EndProject
Global
	GlobalSection(SolutionConfigurationPlatforms) = preSolution
		Debug|Win32 = Debug|Win32
		Release|Win32 = Release|Win32
	EndGlobalSection
	GlobalSection(ProjectConfigurationPlatforms) = postSolution
		{D9CB6B8A-EDE5-46C7-8301-98D0AC812DD7}.Debug|Win32.ActiveCfg = Debug|Win32
		{D9CB6B8A-EDE5-46C7-8301-98D0AC812DD7}.Debug|Win32.Build.0 = Debug|Win32
		{D9CB6B8A-EDE5-46C7-8301-98D0AC812DD7}.Release|Win32.ActiveCfg = Release|Win32
		{D9CB6B8A-EDE5-46C7-8301-98D0AC812DD7}.Release|Win32.Build.0 = Release|Win32
	EndGlobalSection
	GlobalSection(SolutionProperties) = preSolution
		HideSolutionNode = FALSE
	EndGlobalSection
EndGlobal
