Microsoft Visual Studio Solution File, Format Version 8.00
Project("{8BC9CEB8-8B4A-11D0-8D11-00A0C91BC942}") = "Agent_X", "Agent_X.vcproj", "{E5E0FDB9-34A1-40E1-9D2C-7CED7A53B6CF}"
	ProjectSection(ProjectDependencies) = postProject
	EndProjectSection
EndProject
Global
	GlobalSection(SolutionConfiguration) = preSolution
		Debug = Debug
		Release = Release
	EndGlobalSection
	GlobalSection(ProjectConfiguration) = postSolution
		{E5E0FDB9-34A1-40E1-9D2C-7CED7A53B6CF}.Debug.ActiveCfg = Debug|Win32
		{E5E0FDB9-34A1-40E1-9D2C-7CED7A53B6CF}.Debug.Build.0 = Debug|Win32
		{E5E0FDB9-34A1-40E1-9D2C-7CED7A53B6CF}.Release.ActiveCfg = Release|Win32
		{E5E0FDB9-34A1-40E1-9D2C-7CED7A53B6CF}.Release.Build.0 = Release|Win32
	EndGlobalSection
	GlobalSection(ExtensibilityGlobals) = postSolution
	EndGlobalSection
	GlobalSection(ExtensibilityAddIns) = postSolution
	EndGlobalSection
EndGlobal
