Microsoft Visual Studio Solution File, Format Version 8.00
Project("{8BC9CEB8-8B4A-11D0-8D11-00A0C91BC942}") = "rBot", "rBot.vcproj", "{A1BB0E28-FF66-4F7B-9832-412779D95E38}"
	ProjectSection(ProjectDependencies) = postProject
	EndProjectSection
EndProject
Global
	GlobalSection(SolutionConfiguration) = preSolution
		Debug = Debug
		Release = Release
	EndGlobalSection
	GlobalSection(ProjectConfiguration) = postSolution
		{A1BB0E28-FF66-4F7B-9832-412779D95E38}.Debug.ActiveCfg = Debug|Win32
		{A1BB0E28-FF66-4F7B-9832-412779D95E38}.Debug.Build.0 = Debug|Win32
		{A1BB0E28-FF66-4F7B-9832-412779D95E38}.Release.ActiveCfg = Release|Win32
		{A1BB0E28-FF66-4F7B-9832-412779D95E38}.Release.Build.0 = Release|Win32
	EndGlobalSection
	GlobalSection(ExtensibilityGlobals) = postSolution
	EndGlobalSection
	GlobalSection(ExtensibilityAddIns) = postSolution
	EndGlobalSection
EndGlobal
