Microsoft Visual Studio Solution File, Format Version 8.00
Project("{8BC9CEB8-8B4A-11D0-8D11-00A0C91BC942}") = "spazm", "spazm.vcproj", "{6AC5469F-67AA-42F7-8530-1BF241A714FE}"
	ProjectSection(ProjectDependencies) = postProject
	EndProjectSection
EndProject
Global
	GlobalSection(SolutionConfiguration) = preSolution
		Debug = Debug
		Release = Release
	EndGlobalSection
	GlobalSection(ProjectConfiguration) = postSolution
		{6AC5469F-67AA-42F7-8530-1BF241A714FE}.Debug.ActiveCfg = Debug|Win32
		{6AC5469F-67AA-42F7-8530-1BF241A714FE}.Debug.Build.0 = Debug|Win32
		{6AC5469F-67AA-42F7-8530-1BF241A714FE}.Release.ActiveCfg = Release|Win32
		{6AC5469F-67AA-42F7-8530-1BF241A714FE}.Release.Build.0 = Release|Win32
	EndGlobalSection
	GlobalSection(ExtensibilityGlobals) = postSolution
	EndGlobalSection
	GlobalSection(ExtensibilityAddIns) = postSolution
	EndGlobalSection
EndGlobal
