Microsoft Visual Studio Solution File, Format Version 7.00
Project("{8BC9CEB8-8B4A-11D0-8D11-00A0C91BC942}") = "reptile", "reptile.vcproj", "{C7BC8B7C-E703-468F-A021-BC3175D1C07D}"
EndProject
Global
	GlobalSection(SolutionConfiguration) = preSolution
		ConfigName.0 = Debug
		ConfigName.1 = Release
	EndGlobalSection
	GlobalSection(ProjectDependencies) = postSolution
	EndGlobalSection
	GlobalSection(ProjectConfiguration) = postSolution
		{C7BC8B7C-E703-468F-A021-BC3175D1C07D}.Debug.ActiveCfg = Debug|Win32
		{C7BC8B7C-E703-468F-A021-BC3175D1C07D}.Debug.Build.0 = Debug|Win32
		{C7BC8B7C-E703-468F-A021-BC3175D1C07D}.Release.ActiveCfg = Release|Win32
		{C7BC8B7C-E703-468F-A021-BC3175D1C07D}.Release.Build.0 = Release|Win32
	EndGlobalSection
	GlobalSection(ExtensibilityGlobals) = postSolution
	EndGlobalSection
	GlobalSection(ExtensibilityAddIns) = postSolution
	EndGlobalSection
EndGlobal
